// !$*UTF8*$!
{
	archiveVersion = 1;
	classes = {
	};
	objectVersion = 77;
	objects = {

/* Begin PBXContainerItemProxy section */
		600B38012EAA1A2600DF27FB /* PBXContainerItemProxy */ = {
			isa = PBXContainerItemProxy;
			containerPortal = 600B37E22EAA1A2500DF27FB /* Project object */;
			proxyType = 1;
			remoteGlobalIDString = 600B37E92EAA1A2500DF27FB;
			remoteInfo = "ios-swift-CardTargetTracker-app";
		};
		600B380B2EAA1A2600DF27FB /* PBXContainerItemProxy */ = {
			isa = PBXContainerItemProxy;
			containerPortal = 600B37E22EAA1A2500DF27FB /* Project object */;
			proxyType = 1;
			remoteGlobalIDString = 600B37E92EAA1A2500DF27FB;
			remoteInfo = "ios-swift-CardTargetTracker-app";
		};
/* End PBXContainerItemProxy section */

/* Begin PBXFileReference section */
		600B37EA2EAA1A2500DF27FB /* ios-swift-CardTargetTracker-app.app */ = {isa = PBXFileReference; explicitFileType = wrapper.application; includeInIndex = 0; path = "ios-swift-CardTargetTracker-app.app"; sourceTree = BUILT_PRODUCTS_DIR; };
		600B38002EAA1A2600DF27FB /* ios-swift-CardTargetTracker-appTests.xctest */ = {isa = PBXFileReference; explicitFileType = wrapper.cfbundle; includeInIndex = 0; path = "ios-swift-CardTargetTracker-appTests.xctest"; sourceTree = BUILT_PRODUCTS_DIR; };
		600B380A2EAA1A2600DF27FB /* ios-swift-CardTargetTracker-appUITests.xctest */ = {isa = PBXFileReference; explicitFileType = wrapper.cfbundle; includeInIndex = 0; path = "ios-swift-CardTargetTracker-appUITests.xctest"; sourceTree = BUILT_PRODUCTS_DIR; };
/* End PBXFileReference section */

/* Begin PBXFileSystemSynchronizedBuildFileExceptionSet section */
		600B38122EAA1A2600DF27FB /* Exceptions for "ios-swift-CardTargetTracker-app" folder in "ios-swift-CardTargetTracker-app" target */ = {
			isa = PBXFileSystemSynchronizedBuildFileExceptionSet;
			membershipExceptions = (
				Info.plist,
			);
			target = 600B37E92EAA1A2500DF27FB /* ios-swift-CardTargetTracker-app */;
		};
/* End PBXFileSystemSynchronizedBuildFileExceptionSet section */

/* Begin PBXFileSystemSynchronizedRootGroup section */
		600B37EC2EAA1A2500DF27FB /* ios-swift-CardTargetTracker-app */ = {
			isa = PBXFileSystemSynchronizedRootGroup;
			exceptions = (
				600B38122EAA1A2600DF27FB /* Exceptions for "ios-swift-CardTargetTracker-app" folder in "ios-swift-CardTargetTracker-app" target */,
			);
			path = "ios-swift-CardTargetTracker-app";
			sourceTree = "<group>";
		};
		600B38032EAA1A2600DF27FB /* ios-swift-CardTargetTracker-appTests */ = {
			isa = PBXFileSystemSynchronizedRootGroup;
			path = "ios-swift-CardTargetTracker-appTests";
			sourceTree = "<group>";
		};
		600B380D2EAA1A2600DF27FB /* ios-swift-CardTargetTracker-appUITests */ = {
			isa = PBXFileSystemSynchronizedRootGroup;
			path = "ios-swift-CardTargetTracker-appUITests";
			sourceTree = "<group>";
		};
/* End PBXFileSystemSynchronizedRootGroup section */

/* Begin PBXFrameworksBuildPhase section */
		600B37E72EAA1A2500DF27FB /* Frameworks */ = {
			isa = PBXFrameworksBuildPhase;
			buildActionMask = 2147483647;
			files = (
			);
			runOnlyForDeploymentPostprocessing = 0;
		};
		600B37FD2EAA1A2600DF27FB /* Frameworks */ = {
			isa = PBXFrameworksBuildPhase;
			buildActionMask = 2147483647;
			files = (
			);
			runOnlyForDeploymentPostprocessing = 0;
		};
		600B38072EAA1A2600DF27FB /* Frameworks */ = {
			isa = PBXFrameworksBuildPhase;
			buildActionMask = 2147483647;
			files = (
			);
			runOnlyForDeploymentPostprocessing = 0;
		};
/* End PBXFrameworksBuildPhase section */

/* Begin PBXGroup section */
		600B37E12EAA1A2500DF27FB = {
			isa = PBXGroup;
			children = (
				600B37EC2EAA1A2500DF27FB /* ios-swift-CardTargetTracker-app */,
				600B38032EAA1A2600DF27FB /* ios-swift-CardTargetTracker-appTests */,
				600B380D2EAA1A2600DF27FB /* ios-swift-CardTargetTracker-appUITests */,
				600B37EB2EAA1A2500DF27FB /* Products */,
			);
			sourceTree = "<group>";
		};
		600B37EB2EAA1A2500DF27FB /* Products */ = {
			isa = PBXGroup;
			children = (
				600B37EA2EAA1A2500DF27FB /* ios-swift-CardTargetTracker-app.app */,
				600B38002EAA1A2600DF27FB /* ios-swift-CardTargetTracker-appTests.xctest */,
				600B380A2EAA1A2600DF27FB /* ios-swift-CardTargetTracker-appUITests.xctest */,
			);
			name = Products;
			sourceTree = "<group>";
		};
/* End PBXGroup section */

/* Begin PBXNativeTarget section */
		600B37E92EAA1A2500DF27FB /* ios-swift-CardTargetTracker-app */ = {
			isa = PBXNativeTarget;
			buildConfigurationList = 600B38132EAA1A2600DF27FB /* Build configuration list for PBXNativeTarget "ios-swift-CardTargetTracker-app" */;
			buildPhases = (
				600B37E62EAA1A2500DF27FB /* Sources */,
				600B37E72EAA1A2500DF27FB /* Frameworks */,
				600B37E82EAA1A2500DF27FB /* Resources */,
			);
			buildRules = (
			);
			dependencies = (
			);
			fileSystemSynchronizedGroups = (
				600B37EC2EAA1A2500DF27FB /* ios-swift-CardTargetTracker-app */,
			);
			name = "ios-swift-CardTargetTracker-app";
			packageProductDependencies = (
			);
			productName = "ios-swift-CardTargetTracker-app";
			productReference = 600B37EA2EAA1A2500DF27FB /* ios-swift-CardTargetTracker-app.app */;
			productType = "com.apple.product-type.application";
		};
		600B37FF2EAA1A2600DF27FB /* ios-swift-CardTargetTracker-appTests */ = {
			isa = PBXNativeTarget;
			buildConfigurationList = 600B38182EAA1A2600DF27FB /* Build configuration list for PBXNativeTarget "ios-swift-CardTargetTracker-appTests" */;
			buildPhases = (
				600B37FC2EAA1A2600DF27FB /* Sources */,
				600B37FD2EAA1A2600DF27FB /* Frameworks */,
				600B37FE2EAA1A2600DF27FB /* Resources */,
			);
			buildRules = (
			);
			dependencies = (
				600B38022EAA1A2600DF27FB /* PBXTargetDependency */,
			);
			fileSystemSynchronizedGroups = (
				600B38032EAA1A2600DF27FB /* ios-swift-CardTargetTracker-appTests */,
			);
			name = "ios-swift-CardTargetTracker-appTests";
			packageProductDependencies = (
			);
			productName = "ios-swift-CardTargetTracker-appTests";
			productReference = 600B38002EAA1A2600DF27FB /* ios-swift-CardTargetTracker-appTests.xctest */;
			productType = "com.apple.product-type.bundle.unit-test";
		};
		600B38092EAA1A2600DF27FB /* ios-swift-CardTargetTracker-appUITests */ = {
			isa = PBXNativeTarget;
			buildConfigurationList = 600B381B2EAA1A2600DF27FB /* Build configuration list for PBXNativeTarget "ios-swift-CardTargetTracker-appUITests" */;
			buildPhases = (
				600B38062EAA1A2600DF27FB /* Sources */,
				600B38072EAA1A2600DF27FB /* Frameworks */,
				600B38082EAA1A2600DF27FB /* Resources */,
			);
			buildRules = (
			);
			dependencies = (
				600B380C2EAA1A2600DF27FB /* PBXTargetDependency */,
			);
			fileSystemSynchronizedGroups = (
				600B380D2EAA1A2600DF27FB /* ios-swift-CardTargetTracker-appUITests */,
			);
			name = "ios-swift-CardTargetTracker-appUITests";
			packageProductDependencies = (
			);
			productName = "ios-swift-CardTargetTracker-appUITests";
			productReference = 600B380A2EAA1A2600DF27FB /* ios-swift-CardTargetTracker-appUITests.xctest */;
			productType = "com.apple.product-type.bundle.ui-testing";
		};
/* End PBXNativeTarget section */

/* Begin PBXProject section */
		600B37E22EAA1A2500DF27FB /* Project object */ = {
			isa = PBXProject;
			attributes = {
				BuildIndependentTargetsInParallel = 1;
				LastSwiftUpdateCheck = 2600;
				LastUpgradeCheck = 2600;
				TargetAttributes = {
					600B37E92EAA1A2500DF27FB = {
						CreatedOnToolsVersion = 26.0.1;
					};
					600B37FF2EAA1A2600DF27FB = {
						CreatedOnToolsVersion = 26.0.1;
						TestTargetID = 600B37E92EAA1A2500DF27FB;
					};
					600B38092EAA1A2600DF27FB = {
						CreatedOnToolsVersion = 26.0.1;
						TestTargetID = 600B37E92EAA1A2500DF27FB;
					};
				};
			};
			buildConfigurationList = 600B37E52EAA1A2500DF27FB /* Build configuration list for PBXProject "ios-swift-CardTargetTracker-app" */;
			developmentRegion = en;
			hasScannedForEncodings = 0;
			knownRegions = (
				en,
				Base,
			);
			mainGroup = 600B37E12EAA1A2500DF27FB;
			minimizedProjectReferenceProxies = 1;
			preferredProjectObjectVersion = 77;
			productRefGroup = 600B37EB2EAA1A2500DF27FB /* Products */;
			projectDirPath = "";
			projectRoot = "";
			targets = (
				600B37E92EAA1A2500DF27FB /* ios-swift-CardTargetTracker-app */,
				600B37FF2EAA1A2600DF27FB /* ios-swift-CardTargetTracker-appTests */,
				600B38092EAA1A2600DF27FB /* ios-swift-CardTargetTracker-appUITests */,
			);
		};
/* End PBXProject section */

/* Begin PBXResourcesBuildPhase section */
		600B37E82EAA1A2500DF27FB /* Resources */ = {
			isa = PBXResourcesBuildPhase;
			buildActionMask = 2147483647;
			files = (
			);
			runOnlyForDeploymentPostprocessing = 0;
		};
		600B37FE2EAA1A2600DF27FB /* Resources */ = {
			isa = PBXResourcesBuildPhase;
			buildActionMask = 2147483647;
			files = (
			);
			runOnlyForDeploymentPostprocessing = 0;
		};
		600B38082EAA1A2600DF27FB /* Resources */ = {
			isa = PBXResourcesBuildPhase;
			buildActionMask = 2147483647;
			files = (
			);
			runOnlyForDeploymentPostprocessing = 0;
		};
/* End PBXResourcesBuildPhase section */

/* Begin PBXSourcesBuildPhase section */
		600B37E62EAA1A2500DF27FB /* Sources */ = {
			isa = PBXSourcesBuildPhase;
			buildActionMask = 2147483647;
			files = (
			);
			runOnlyForDeploymentPostprocessing = 0;
		};
		600B37FC2EAA1A2600DF27FB /* Sources */ = {
			isa = PBXSourcesBuildPhase;
			buildActionMask = 2147483647;
			files = (
			);
			runOnlyForDeploymentPostprocessing = 0;
		};
		600B38062EAA1A2600DF27FB /* Sources */ = {
			isa = PBXSourcesBuildPhase;
			buildActionMask = 2147483647;
			files = (
			);
			runOnlyForDeploymentPostprocessing = 0;
		};
/* End PBXSourcesBuildPhase section */

/* Begin PBXTargetDependency section */
		600B38022EAA1A2600DF27FB /* PBXTargetDependency */ = {
			isa = PBXTargetDependency;
			target = 600B37E92EAA1A2500DF27FB /* ios-swift-CardTargetTracker-app */;
			targetProxy = 600B38012EAA1A2600DF27FB /* PBXContainerItemProxy */;
		};
		600B380C2EAA1A2600DF27FB /* PBXTargetDependency */ = {
			isa = PBXTargetDependency;
			target = 600B37E92EAA1A2500DF27FB /* ios-swift-CardTargetTracker-app */;
			targetProxy = 600B380B2EAA1A2600DF27FB /* PBXContainerItemProxy */;
		};
/* End PBXTargetDependency section */

/* Begin XCBuildConfiguration section */
		600B38142EAA1A2600DF27FB /* Debug */ = {
			isa = XCBuildConfiguration;
			buildSettings = {
				ASSETCATALOG_COMPILER_APPICON_NAME = AppIcon;
				ASSETCATALOG_COMPILER_GLOBAL_ACCENT_COLOR_NAME = AccentColor;
				CODE_SIGN_STYLE = Automatic;
				CURRENT_PROJECT_VERSION = 1;
				DEVELOPMENT_TEAM = XL5JK4F896;
				GENERATE_INFOPLIST_FILE = YES;
				INFOPLIST_FILE = "ios-swift-CardTargetTracker-app/Info.plist";
				INFOPLIST_KEY_CFBundleDisplayName = CardTracker;
				INFOPLIST_KEY_LSApplicationCategoryType = "public.app-category.finance";
				INFOPLIST_KEY_UIApplicationSupportsIndirectInputEvents = YES;
				INFOPLIST_KEY_UILaunchStoryboardName = LaunchScreen;
				INFOPLIST_KEY_UISupportedInterfaceOrientations_iPad = "UIInterfaceOrientationPortrait UIInterfaceOrientationPortraitUpsideDown UIInterfaceOrientationLandscapeLeft UIInterfaceOrientationLandscapeRight";
				INFOPLIST_KEY_UISupportedInterfaceOrientations_iPhone = "UIInterfaceOrientationPortrait UIInterfaceOrientationLandscapeLeft UIInterfaceOrientationLandscapeRight";
				LD_RUNPATH_SEARCH_PATHS = (
					"$(inherited)",
					"@executable_path/Frameworks",
				);
				MARKETING_VERSION = 1.0;
				PRODUCT_BUNDLE_IDENTIFIER = org.swiftinsg.np2025.CardTracker;
				PRODUCT_NAME = "$(TARGET_NAME)";
				STRING_CATALOG_GENERATE_SYMBOLS = YES;
				SUPPORTED_PLATFORMS = "iphoneos iphonesimulator";
				SUPPORTS_MACCATALYST = NO;
				SUPPORTS_MAC_DESIGNED_FOR_IPHONE_IPAD = NO;
				SUPPORTS_XR_DESIGNED_FOR_IPHONE_IPAD = NO;
				SWIFT_APPROACHABLE_CONCURRENCY = YES;
				SWIFT_DEFAULT_ACTOR_ISOLATION = MainActor;
				SWIFT_EMIT_LOC_STRINGS = YES;
				SWIFT_UPCOMING_FEATURE_MEMBER_IMPORT_VISIBILITY = YES;
				SWIFT_VERSION = 5.0;
				TARGETED_DEVICE_FAMILY = 1;
			};
			name = Debug;
		};
		600B38152EAA1A2600DF27FB /* Release */ = {
			isa = XCBuildConfiguration;
			buildSettings = {
				ASSETCATALOG_COMPILER_APPICON_NAME = AppIcon;
				ASSETCATALOG_COMPILER_GLOBAL_ACCENT_COLOR_NAME = AccentColor;
				CODE_SIGN_STYLE = Automatic;
				CURRENT_PROJECT_VERSION = 1;
				DEVELOPMENT_TEAM = XL5JK4F896;
				GENERATE_INFOPLIST_FILE = YES;
				INFOPLIST_FILE = "ios-swift-CardTargetTracker-app/Info.plist";
				INFOPLIST_KEY_CFBundleDisplayName = CardTracker;
				INFOPLIST_KEY_LSApplicationCategoryType = "public.app-category.finance";
				INFOPLIST_KEY_UIApplicationSupportsIndirectInputEvents = YES;
				INFOPLIST_KEY_UILaunchStoryboardName = LaunchScreen;
				INFOPLIST_KEY_UISupportedInterfaceOrientations_iPad = "UIInterfaceOrientationPortrait UIInterfaceOrientationPortraitUpsideDown UIInterfaceOrientationLandscapeLeft UIInterfaceOrientationLandscapeRight";
				INFOPLIST_KEY_UISupportedInterfaceOrientations_iPhone = "UIInterfaceOrientationPortrait UIInterfaceOrientationLandscapeLeft UIInterfaceOrientationLandscapeRight";
				LD_RUNPATH_SEARCH_PATHS = (
					"$(inherited)",
					"@executable_path/Frameworks",
				);
				MARKETING_VERSION = 1.0;
				PRODUCT_BUNDLE_IDENTIFIER = org.swiftinsg.np2025.CardTracker;
				PRODUCT_NAME = "$(TARGET_NAME)";
				STRING_CATALOG_GENERATE_SYMBOLS = YES;
				SUPPORTED_PLATFORMS = "iphoneos iphonesimulator";
				SUPPORTS_MACCATALYST = NO;
				SUPPORTS_MAC_DESIGNED_FOR_IPHONE_IPAD = NO;
				SUPPORTS_XR_DESIGNED_FOR_IPHONE_IPAD = NO;
				SWIFT_APPROACHABLE_CONCURRENCY = YES;
				SWIFT_DEFAULT_ACTOR_ISOLATION = MainActor;
				SWIFT_EMIT_LOC_STRINGS = YES;
				SWIFT_UPCOMING_FEATURE_MEMBER_IMPORT_VISIBILITY = YES;
				SWIFT_VERSION = 5.0;
				TARGETED_DEVICE_FAMILY = 1;
			};
			name = Release;
		};
		600B38162EAA1A2600DF27FB /* Debug */ = {
			isa = XCBuildConfiguration;
			buildSettings = {
				ALWAYS_SEARCH_USER_PATHS = NO;
				ASSETCATALOG_COMPILER_GENERATE_SWIFT_ASSET_SYMBOL_EXTENSIONS = YES;
				CLANG_ANALYZER_NONNULL = YES;
				CLANG_ANALYZER_NUMBER_OBJECT_CONVERSION = YES_AGGRESSIVE;
				CLANG_CXX_LANGUAGE_STANDARD = "gnu++20";
				CLANG_ENABLE_MODULES = YES;
				CLANG_ENABLE_OBJC_ARC = YES;
				CLANG_ENABLE_OBJC_WEAK = YES;
				CLANG_WARN_BLOCK_CAPTURE_AUTORELEASING = YES;
				CLANG_WARN_BOOL_CONVERSION = YES;
				CLANG_WARN_COMMA = YES;
				CLANG_WARN_CONSTANT_CONVERSION = YES;
				CLANG_WARN_DEPRECATED_OBJC_IMPLEMENTATIONS = YES;
				CLANG_WARN_DIRECT_OBJC_ISA_USAGE = YES_ERROR;
				CLANG_WARN_DOCUMENTATION_COMMENTS = YES;
				CLANG_WARN_EMPTY_BODY = YES;
				CLANG_WARN_ENUM_CONVERSION = YES;
				CLANG_WARN_INFINITE_RECURSION = YES;
				CLANG_WARN_INT_CONVERSION = YES;
				CLANG_WARN_NON_LITERAL_NULL_CONVERSION = YES;
				CLANG_WARN_OBJC_IMPLICIT_RETAIN_SELF = YES;
				CLANG_WARN_OBJC_LITERAL_CONVERSION = YES;
				CLANG_WARN_OBJC_ROOT_CLASS = YES_ERROR;
				CLANG_WARN_QUOTED_INCLUDE_IN_FRAMEWORK_HEADER = YES;
				CLANG_WARN_RANGE_LOOP_ANALYSIS = YES;
				CLANG_WARN_STRICT_PROTOTYPES = YES;
				CLANG_WARN_SUSPICIOUS_MOVE = YES;
				CLANG_WARN_UNGUARDED_AVAILABILITY = YES_AGGRESSIVE;
				CLANG_WARN_UNREACHABLE_CODE = YES;
				CLANG_WARN__DUPLICATE_METHOD_MATCH = YES;
				COPY_PHASE_STRIP = NO;
				DEBUG_INFORMATION_FORMAT = dwarf;
				DEVELOPMENT_TEAM = U2PFUTM4H8;
				ENABLE_STRICT_OBJC_MSGSEND = YES;
				ENABLE_TESTABILITY = YES;
				ENABLE_USER_SCRIPT_SANDBOXING = YES;
				GCC_C_LANGUAGE_STANDARD = gnu17;
				GCC_DYNAMIC_NO_PIC = NO;
				GCC_NO_COMMON_BLOCKS = YES;
				GCC_OPTIMIZATION_LEVEL = 0;
				GCC_PREPROCESSOR_DEFINITIONS = (
					"DEBUG=1",
					"$(inherited)",
				);
				GCC_WARN_64_TO_32_BIT_CONVERSION = YES;
				GCC_WARN_ABOUT_RETURN_TYPE = YES_ERROR;
				GCC_WARN_UNDECLARED_SELECTOR = YES;
				GCC_WARN_UNINITIALIZED_AUTOS = YES_AGGRESSIVE;
				GCC_WARN_UNUSED_FUNCTION = YES;
				GCC_WARN_UNUSED_VARIABLE = YES;
				IPHONEOS_DEPLOYMENT_TARGET = 26.0;
				LOCALIZATION_PREFERS_STRING_CATALOGS = YES;
				MTL_ENABLE_DEBUG_INFO = INCLUDE_SOURCE;
				MTL_FAST_MATH = YES;
				ONLY_ACTIVE_ARCH = YES;
				SDKROOT = iphoneos;
				SWIFT_ACTIVE_COMPILATION_CONDITIONS = "DEBUG $(inherited)";
				SWIFT_OPTIMIZATION_LEVEL = "-Onone";
			};
			name = Debug;
		};
		600B38172EAA1A2600DF27FB /* Release */ = {
			isa = XCBuildConfiguration;
			buildSettings = {
				ALWAYS_SEARCH_USER_PATHS = NO;
				ASSETCATALOG_COMPILER_GENERATE_SWIFT_ASSET_SYMBOL_EXTENSIONS = YES;
				CLANG_ANALYZER_NONNULL = YES;
				CLANG_ANALYZER_NUMBER_OBJECT_CONVERSION = YES_AGGRESSIVE;
				CLANG_CXX_LANGUAGE_STANDARD = "gnu++20";
				CLANG_ENABLE_MODULES = YES;
				CLANG_ENABLE_OBJC_ARC = YES;
				CLANG_ENABLE_OBJC_WEAK = YES;
				CLANG_WARN_BLOCK_CAPTURE_AUTORELEASING = YES;
				CLANG_WARN_BOOL_CONVERSION = YES;
				CLANG_WARN_COMMA = YES;
				CLANG_WARN_CONSTANT_CONVERSION = YES;
				CLANG_WARN_DEPRECATED_OBJC_IMPLEMENTATIONS = YES;
				CLANG_WARN_DIRECT_OBJC_ISA_USAGE = YES_ERROR;
				CLANG_WARN_DOCUMENTATION_COMMENTS = YES;
				CLANG_WARN_EMPTY_BODY = YES;
				CLANG_WARN_ENUM_CONVERSION = YES;
				CLANG_WARN_INFINITE_RECURSION = YES;
				CLANG_WARN_INT_CONVERSION = YES;
				CLANG_WARN_NON_LITERAL_NULL_CONVERSION = YES;
				CLANG_WARN_OBJC_IMPLICIT_RETAIN_SELF = YES;
				CLANG_WARN_OBJC_LITERAL_CONVERSION = YES;
				CLANG_WARN_OBJC_ROOT_CLASS = YES_ERROR;
				CLANG_WARN_QUOTED_INCLUDE_IN_FRAMEWORK_HEADER = YES;
				CLANG_WARN_RANGE_LOOP_ANALYSIS = YES;
				CLANG_WARN_STRICT_PROTOTYPES = YES;
				CLANG_WARN_SUSPICIOUS_MOVE = YES;
				CLANG_WARN_UNGUARDED_AVAILABILITY = YES_AGGRESSIVE;
				CLANG_WARN_UNREACHABLE_CODE = YES;
				CLANG_WARN__DUPLICATE_METHOD_MATCH = YES;
				COPY_PHASE_STRIP = NO;
				DEBUG_INFORMATION_FORMAT = "dwarf-with-dsym";
				DEVELOPMENT_TEAM = U2PFUTM4H8;
				ENABLE_NS_ASSERTIONS = NO;
				ENABLE_STRICT_OBJC_MSGSEND = YES;
				ENABLE_USER_SCRIPT_SANDBOXING = YES;
				GCC_C_LANGUAGE_STANDARD = gnu17;
				GCC_NO_COMMON_BLOCKS = YES;
				GCC_WARN_64_TO_32_BIT_CONVERSION = YES;
				GCC_WARN_ABOUT_RETURN_TYPE = YES_ERROR;
				GCC_WARN_UNDECLARED_SELECTOR = YES;
				GCC_WARN_UNINITIALIZED_AUTOS = YES_AGGRESSIVE;
				GCC_WARN_UNUSED_FUNCTION = YES;
				GCC_WARN_UNUSED_VARIABLE = YES;
				IPHONEOS_DEPLOYMENT_TARGET = 26.0;
				LOCALIZATION_PREFERS_STRING_CATALOGS = YES;
				MTL_ENABLE_DEBUG_INFO = NO;
				MTL_FAST_MATH = YES;
				SDKROOT = iphoneos;
				SWIFT_COMPILATION_MODE = wholemodule;
				VALIDATE_PRODUCT = YES;
			};
			name = Release;
		};
		600B38192EAA1A2600DF27FB /* Debug */ = {
			isa = XCBuildConfiguration;
			buildSettings = {
				BUNDLE_LOADER = "$(TEST_HOST)";
				CODE_SIGN_STYLE = Automatic;
				CURRENT_PROJECT_VERSION = 1;
				DEVELOPMENT_TEAM = U2PFUTM4H8;
				GENERATE_INFOPLIST_FILE = YES;
				IPHONEOS_DEPLOYMENT_TARGET = 26.0;
				MARKETING_VERSION = 1.0;
				PRODUCT_BUNDLE_IDENTIFIER = "com.example.ios-swift-CardTargetTracker-appTests";
				PRODUCT_NAME = "$(TARGET_NAME)";
				STRING_CATALOG_GENERATE_SYMBOLS = NO;
				SUPPORTED_PLATFORMS = "iphoneos iphonesimulator";
				SUPPORTS_MACCATALYST = NO;
				SUPPORTS_MAC_DESIGNED_FOR_IPHONE_IPAD = NO;
				SUPPORTS_XR_DESIGNED_FOR_IPHONE_IPAD = NO;
				SWIFT_APPROACHABLE_CONCURRENCY = YES;
				SWIFT_EMIT_LOC_STRINGS = NO;
				SWIFT_UPCOMING_FEATURE_MEMBER_IMPORT_VISIBILITY = YES;
				SWIFT_VERSION = 5.0;
				TARGETED_DEVICE_FAMILY = 1;
				TEST_HOST = "$(BUILT_PRODUCTS_DIR)/ios-swift-CardTargetTracker-app.app/$(BUNDLE_EXECUTABLE_FOLDER_PATH)/ios-swift-CardTargetTracker-app";
			};
			name = Debug;
		};
		600B381A2EAA1A2600DF27FB /* Release */ = {
			isa = XCBuildConfiguration;
			buildSettings = {
				BUNDLE_LOADER = "$(TEST_HOST)";
				CODE_SIGN_STYLE = Automatic;
				CURRENT_PROJECT_VERSION = 1;
				DEVELOPMENT_TEAM = U2PFUTM4H8;
				GENERATE_INFOPLIST_FILE = YES;
				IPHONEOS_DEPLOYMENT_TARGET = 26.0;
				MARKETING_VERSION = 1.0;
				PRODUCT_BUNDLE_IDENTIFIER = "com.example.ios-swift-CardTargetTracker-appTests";
				PRODUCT_NAME = "$(TARGET_NAME)";
				STRING_CATALOG_GENERATE_SYMBOLS = NO;
				SUPPORTED_PLATFORMS = "iphoneos iphonesimulator";
				SUPPORTS_MACCATALYST = NO;
				SUPPORTS_MAC_DESIGNED_FOR_IPHONE_IPAD = NO;
				SUPPORTS_XR_DESIGNED_FOR_IPHONE_IPAD = NO;
				SWIFT_APPROACHABLE_CONCURRENCY = YES;
				SWIFT_EMIT_LOC_STRINGS = NO;
				SWIFT_UPCOMING_FEATURE_MEMBER_IMPORT_VISIBILITY = YES;
				SWIFT_VERSION = 5.0;
				TARGETED_DEVICE_FAMILY = 1;
				TEST_HOST = "$(BUILT_PRODUCTS_DIR)/ios-swift-CardTargetTracker-app.app/$(BUNDLE_EXECUTABLE_FOLDER_PATH)/ios-swift-CardTargetTracker-app";
			};
			name = Release;
		};
		600B381C2EAA1A2600DF27FB /* Debug */ = {
			isa = XCBuildConfiguration;
			buildSettings = {
				CODE_SIGN_STYLE = Automatic;
				CURRENT_PROJECT_VERSION = 1;
				DEVELOPMENT_TEAM = U2PFUTM4H8;
				GENERATE_INFOPLIST_FILE = YES;
				MARKETING_VERSION = 1.0;
				PRODUCT_BUNDLE_IDENTIFIER = "com.example.ios-swift-CardTargetTracker-appUITests";
				PRODUCT_NAME = "$(TARGET_NAME)";
				STRING_CATALOG_GENERATE_SYMBOLS = NO;
				SUPPORTED_PLATFORMS = "iphoneos iphonesimulator";
				SUPPORTS_MACCATALYST = NO;
				SUPPORTS_MAC_DESIGNED_FOR_IPHONE_IPAD = NO;
				SUPPORTS_XR_DESIGNED_FOR_IPHONE_IPAD = NO;
				SWIFT_APPROACHABLE_CONCURRENCY = YES;
				SWIFT_EMIT_LOC_STRINGS = NO;
				SWIFT_UPCOMING_FEATURE_MEMBER_IMPORT_VISIBILITY = YES;
				SWIFT_VERSION = 5.0;
				TARGETED_DEVICE_FAMILY = 1;
				TEST_TARGET_NAME = "ios-swift-CardTargetTracker-app";
			};
			name = Debug;
		};
		600B381D2EAA1A2600DF27FB /* Release */ = {
			isa = XCBuildConfiguration;
			buildSettings = {
				CODE_SIGN_STYLE = Automatic;
				CURRENT_PROJECT_VERSION = 1;
				DEVELOPMENT_TEAM = U2PFUTM4H8;
				GENERATE_INFOPLIST_FILE = YES;
				MARKETING_VERSION = 1.0;
				PRODUCT_BUNDLE_IDENTIFIER = "com.example.ios-swift-CardTargetTracker-appUITests";
				PRODUCT_NAME = "$(TARGET_NAME)";
				STRING_CATALOG_GENERATE_SYMBOLS = NO;
				SUPPORTED_PLATFORMS = "iphoneos iphonesimulator";
				SUPPORTS_MACCATALYST = NO;
				SUPPORTS_MAC_DESIGNED_FOR_IPHONE_IPAD = NO;
				SUPPORTS_XR_DESIGNED_FOR_IPHONE_IPAD = NO;
				SWIFT_APPROACHABLE_CONCURRENCY = YES;
				SWIFT_EMIT_LOC_STRINGS = NO;
				SWIFT_UPCOMING_FEATURE_MEMBER_IMPORT_VISIBILITY = YES;
				SWIFT_VERSION = 5.0;
				TARGETED_DEVICE_FAMILY = 1;
				TEST_TARGET_NAME = "ios-swift-CardTargetTracker-app";
			};
			name = Release;
		};
/* End XCBuildConfiguration section */

/* Begin XCConfigurationList section */
		600B37E52EAA1A2500DF27FB /* Build configuration list for PBXProject "ios-swift-CardTargetTracker-app" */ = {
			isa = XCConfigurationList;
			buildConfigurations = (
				600B38162EAA1A2600DF27FB /* Debug */,
				600B38172EAA1A2600DF27FB /* Release */,
			);
			defaultConfigurationIsVisible = 0;
			defaultConfigurationName = Release;
		};
		600B38132EAA1A2600DF27FB /* Build configuration list for PBXNativeTarget "ios-swift-CardTargetTracker-app" */ = {
			isa = XCConfigurationList;
			buildConfigurations = (
				600B38142EAA1A2600DF27FB /* Debug */,
				600B38152EAA1A2600DF27FB /* Release */,
			);
			defaultConfigurationIsVisible = 0;
			defaultConfigurationName = Release;
		};
		600B38182EAA1A2600DF27FB /* Build configuration list for PBXNativeTarget "ios-swift-CardTargetTracker-appTests" */ = {
			isa = XCConfigurationList;
			buildConfigurations = (
				600B38192EAA1A2600DF27FB /* Debug */,
				600B381A2EAA1A2600DF27FB /* Release */,
			);
			defaultConfigurationIsVisible = 0;
			defaultConfigurationName = Release;
		};
		600B381B2EAA1A2600DF27FB /* Build configuration list for PBXNativeTarget "ios-swift-CardTargetTracker-appUITests" */ = {
			isa = XCConfigurationList;
			buildConfigurations = (
				600B381C2EAA1A2600DF27FB /* Debug */,
				600B381D2EAA1A2600DF27FB /* Release */,
			);
			defaultConfigurationIsVisible = 0;
			defaultConfigurationName = Release;
		};
/* End XCConfigurationList section */
	};
	rootObject = 600B37E22EAA1A2500DF27FB /* Project object */;
}
